// !$*UTF8*$!
{
	archiveVersion = 1;
	classes = {
	};
	objectVersion = 44;
	objects = {

/* Begin PBXBuildFile section */
		506939A50D88727300E050F1 /* BadPath.h in Headers */ = {isa = PBXBuildFile; fileRef = 500914240CE2B3F600ADA70C /* BadPath.h */; settings = {ATTRIBUTES = (Public, ); }; };
		506939A60D88727300E050F1 /* Canonical.h in Headers */ = {isa = PBXBuildFile; fileRef = 500914250CE2B3F600ADA70C /* Canonical.h */; settings = {ATTRIBUTES = (Public, ); }; };
		506939A70D88727300E050F1 /* FileStream.h in Headers */ = {isa = PBXBuildFile; fileRef = 500914260CE2B3F600ADA70C /* FileStream.h */; settings = {ATTRIBUTES = (Public, ); }; };
		506939A80D88727300E050F1 /* Node.h in Headers */ = {isa = PBXBuildFile; fileRef = 500914270CE2B3F600ADA70C /* Node.h */; settings = {ATTRIBUTES = (Public, ); }; };
		506939A90D88727300E050F1 /* NodeInfo.h in Headers */ = {isa = PBXBuildFile; fileRef = 500914280CE2B3F600ADA70C /* NodeInfo.h */; settings = {ATTRIBUTES = (Public, ); }; };
		506939AA0D88727300E050F1 /* NodeIter.h in Headers */ = {isa = PBXBuildFile; fileRef = 500914290CE2B3F600ADA70C /* NodeIter.h */; settings = {ATTRIBUTES = (Public, ); }; };
		506939AB0D88727300E050F1 /* Path.h in Headers */ = {isa = PBXBuildFile; fileRef = 5009142A0CE2B3F600ADA70C /* Path.h */; settings = {ATTRIBUTES = (Public, ); }; };
		506939AC0D88727300E050F1 /* PathException.h in Headers */ = {isa = PBXBuildFile; fileRef = 5009142B0CE2B3F600ADA70C /* PathException.h */; settings = {ATTRIBUTES = (Public, ); }; };
		506939AD0D88727300E050F1 /* PathExtra.h in Headers */ = {isa = PBXBuildFile; fileRef = 5009142C0CE2B3F600ADA70C /* PathExtra.h */; settings = {ATTRIBUTES = (Public, ); }; };
		506939AE0D88727300E050F1 /* PathRules.h in Headers */ = {isa = PBXBuildFile; fileRef = 5009142D0CE2B3F600ADA70C /* PathRules.h */; settings = {ATTRIBUTES = (Public, ); }; };
		506939AF0D88727300E050F1 /* Permission.h in Headers */ = {isa = PBXBuildFile; fileRef = 5009142E0CE2B3F600ADA70C /* Permission.h */; settings = {ATTRIBUTES = (Public, ); }; };
		506939B10D88727300E050F1 /* SysCalls.h in Headers */ = {isa = PBXBuildFile; fileRef = 5009142F0CE2B3F600ADA70C /* SysCalls.h */; settings = {ATTRIBUTES = (Public, ); }; };
		506939B20D88727300E050F1 /* Unimplemented.h in Headers */ = {isa = PBXBuildFile; fileRef = 500914300CE2B3F600ADA70C /* Unimplemented.h */; settings = {ATTRIBUTES = (Public, ); }; };
		506939B30D88727300E050F1 /* UnixRules.h in Headers */ = {isa = PBXBuildFile; fileRef = 500914310CE2B3F600ADA70C /* UnixRules.h */; settings = {ATTRIBUTES = (Public, ); }; };
		506939B40D88727300E050F1 /* UriRules.h in Headers */ = {isa = PBXBuildFile; fileRef = 500914320CE2B3F600ADA70C /* UriRules.h */; settings = {ATTRIBUTES = (Public, ); }; };
		506939B50D88727300E050F1 /* Win32Rules.h in Headers */ = {isa = PBXBuildFile; fileRef = 500914330CE2B3F600ADA70C /* Win32Rules.h */; settings = {ATTRIBUTES = (Public, ); }; };
		506939B60D88728E00E050F1 /* BadPath.cpp in Sources */ = {isa = PBXBuildFile; fileRef = 500913FF0CE2B3E300ADA70C /* BadPath.cpp */; };
		506939B70D88728E00E050F1 /* Canonical.cpp in Sources */ = {isa = PBXBuildFile; fileRef = 500914000CE2B3E300ADA70C /* Canonical.cpp */; };
		506939B80D88728E00E050F1 /* FileStream.cpp in Sources */ = {isa = PBXBuildFile; fileRef = 500914010CE2B3E300ADA70C /* FileStream.cpp */; };
		506939B90D88728E00E050F1 /* Node.cpp in Sources */ = {isa = PBXBuildFile; fileRef = 500914020CE2B3E300ADA70C /* Node.cpp */; };
		506939BA0D88728E00E050F1 /* NodeInfo.cpp in Sources */ = {isa = PBXBuildFile; fileRef = 500914030CE2B3E300ADA70C /* NodeInfo.cpp */; };
		506939BB0D88728E00E050F1 /* NodeIter.cpp in Sources */ = {isa = PBXBuildFile; fileRef = 500914040CE2B3E300ADA70C /* NodeIter.cpp */; };
		506939BC0D88728E00E050F1 /* Path.cpp in Sources */ = {isa = PBXBuildFile; fileRef = 500914050CE2B3E300ADA70C /* Path.cpp */; };
		506939BD0D88728E00E050F1 /* PathException.cpp in Sources */ = {isa = PBXBuildFile; fileRef = 500914060CE2B3E300ADA70C /* PathException.cpp */; };
		506939BE0D88728E00E050F1 /* PathExtra.cpp in Sources */ = {isa = PBXBuildFile; fileRef = 500914070CE2B3E300ADA70C /* PathExtra.cpp */; };
		506939BF0D88728E00E050F1 /* PathRules.cpp in Sources */ = {isa = PBXBuildFile; fileRef = 500914080CE2B3E300ADA70C /* PathRules.cpp */; };
		506939C00D88728E00E050F1 /* Permission.cpp in Sources */ = {isa = PBXBuildFile; fileRef = 500914090CE2B3E300ADA70C /* Permission.cpp */; };
		506939C10D88728E00E050F1 /* Strings.cpp in Sources */ = {isa = PBXBuildFile; fileRef = 506939910D886B4D00E050F1 /* Strings.cpp */; };
		506939C20D88728E00E050F1 /* SubNode.cpp in Sources */ = {isa = PBXBuildFile; fileRef = 507AECBF0D2BCE4B0071EB10 /* SubNode.cpp */; };
		506939C30D88728E00E050F1 /* SysCalls.cpp in Sources */ = {isa = PBXBuildFile; fileRef = 5009140B0CE2B3E300ADA70C /* SysCalls.cpp */; };
		506939C40D88728E00E050F1 /* Unimplemented.cpp in Sources */ = {isa = PBXBuildFile; fileRef = 5009140C0CE2B3E300ADA70C /* Unimplemented.cpp */; };
		506939C50D88728E00E050F1 /* UnixRules.cpp in Sources */ = {isa = PBXBuildFile; fileRef = 5009140D0CE2B3E300ADA70C /* UnixRules.cpp */; };
		506939C60D88728E00E050F1 /* UriRules.cpp in Sources */ = {isa = PBXBuildFile; fileRef = 5009140E0CE2B3E300ADA70C /* UriRules.cpp */; };
		506939C70D88728E00E050F1 /* Win32Rules.cpp in Sources */ = {isa = PBXBuildFile; fileRef = 5009140F0CE2B3E300ADA70C /* Win32Rules.cpp */; };
		50693A220D8873C500E050F1 /* libcppunit.a in Frameworks */ = {isa = PBXBuildFile; fileRef = 5009152A0CE5238000ADA70C /* libcppunit.a */; };
		50693A270D8873F100E050F1 /* main.cpp in Sources */ = {isa = PBXBuildFile; fileRef = 500914860CE333AE00ADA70C /* main.cpp */; };
		50693A280D8873F100E050F1 /* CanonicalUnit.cpp in Sources */ = {isa = PBXBuildFile; fileRef = 500914850CE333AE00ADA70C /* CanonicalUnit.cpp */; };
		50693A290D8873F100E050F1 /* NodeUnit.cpp in Sources */ = {isa = PBXBuildFile; fileRef = 500914870CE333AE00ADA70C /* NodeUnit.cpp */; };
		50693A2A0D8873F100E050F1 /* PathRulesUnit.cpp in Sources */ = {isa = PBXBuildFile; fileRef = 500914880CE333AE00ADA70C /* PathRulesUnit.cpp */; };
		50693A2B0D8873F100E050F1 /* PathUnit.cpp in Sources */ = {isa = PBXBuildFile; fileRef = 500914890CE333AE00ADA70C /* PathUnit.cpp */; };
		50693A2C0D8873F100E050F1 /* SysCallsUnit.cpp in Sources */ = {isa = PBXBuildFile; fileRef = 5009148B0CE333AE00ADA70C /* SysCallsUnit.cpp */; };
		50693A2D0D8873F100E050F1 /* UnixRulesUnit.cpp in Sources */ = {isa = PBXBuildFile; fileRef = 500948620D665356000B393F /* UnixRulesUnit.cpp */; };
		50693A2E0D8873F100E050F1 /* PathRulesUnit.h in Sources */ = {isa = PBXBuildFile; fileRef = 5009487C0D6656AC000B393F /* PathRulesUnit.h */; };
		50693A2F0D8873F100E050F1 /* Win32RulesUnit.cpp in Sources */ = {isa = PBXBuildFile; fileRef = 500948B30D6EF039000B393F /* Win32RulesUnit.cpp */; };
		50B973F90D8D897800E8B628 /* libpath.a in Frameworks */ = {isa = PBXBuildFile; fileRef = 506939A10D8871F300E050F1 /* libpath.a */; };
		50B9744A0D8DA9F800E8B628 /* Strings.h in Headers */ = {isa = PBXBuildFile; fileRef = 50B974490D8DA9F800E8B628 /* Strings.h */; settings = {ATTRIBUTES = (Public, ); }; };
/* End PBXBuildFile section */

/* Begin PBXContainerItemProxy section */
		50693A230D8873CA00E050F1 /* PBXContainerItemProxy */ = {
			isa = PBXContainerItemProxy;
			containerPortal = 08FB7793FE84155DC02AAC07 /* Project object */;
			proxyType = 1;
			remoteGlobalIDString = 506939A00D8871F300E050F1;
			remoteInfo = path;
		};
/* End PBXContainerItemProxy section */

/* Begin PBXFileReference section */
		500913FF0CE2B3E300ADA70C /* BadPath.cpp */ = {isa = PBXFileReference; explicitFileType = sourcecode.cpp.cpp; fileEncoding = 4; path = BadPath.cpp; sourceTree = "<group>"; };
		500914000CE2B3E300ADA70C /* Canonical.cpp */ = {isa = PBXFileReference; explicitFileType = sourcecode.cpp.cpp; fileEncoding = 4; path = Canonical.cpp; sourceTree = "<group>"; };
		500914010CE2B3E300ADA70C /* FileStream.cpp */ = {isa = PBXFileReference; explicitFileType = sourcecode.cpp.cpp; fileEncoding = 4; path = FileStream.cpp; sourceTree = "<group>"; };
		500914020CE2B3E300ADA70C /* Node.cpp */ = {isa = PBXFileReference; explicitFileType = sourcecode.cpp.cpp; fileEncoding = 4; path = Node.cpp; sourceTree = "<group>"; };
		500914030CE2B3E300ADA70C /* NodeInfo.cpp */ = {isa = PBXFileReference; explicitFileType = sourcecode.cpp.cpp; fileEncoding = 4; path = NodeInfo.cpp; sourceTree = "<group>"; };
		500914040CE2B3E300ADA70C /* NodeIter.cpp */ = {isa = PBXFileReference; explicitFileType = sourcecode.cpp.cpp; fileEncoding = 4; path = NodeIter.cpp; sourceTree = "<group>"; };
		500914050CE2B3E300ADA70C /* Path.cpp */ = {isa = PBXFileReference; explicitFileType = sourcecode.cpp.cpp; fileEncoding = 4; path = Path.cpp; sourceTree = "<group>"; };
		500914060CE2B3E300ADA70C /* PathException.cpp */ = {isa = PBXFileReference; explicitFileType = sourcecode.cpp.cpp; fileEncoding = 4; path = PathException.cpp; sourceTree = "<group>"; };
		500914070CE2B3E300ADA70C /* PathExtra.cpp */ = {isa = PBXFileReference; explicitFileType = sourcecode.cpp.cpp; fileEncoding = 4; path = PathExtra.cpp; sourceTree = "<group>"; };
		500914080CE2B3E300ADA70C /* PathRules.cpp */ = {isa = PBXFileReference; explicitFileType = sourcecode.cpp.cpp; fileEncoding = 4; path = PathRules.cpp; sourceTree = "<group>"; };
		500914090CE2B3E300ADA70C /* Permission.cpp */ = {isa = PBXFileReference; explicitFileType = sourcecode.cpp.cpp; fileEncoding = 4; path = Permission.cpp; sourceTree = "<group>"; };
		5009140B0CE2B3E300ADA70C /* SysCalls.cpp */ = {isa = PBXFileReference; explicitFileType = sourcecode.cpp.cpp; fileEncoding = 4; path = SysCalls.cpp; sourceTree = "<group>"; };
		5009140C0CE2B3E300ADA70C /* Unimplemented.cpp */ = {isa = PBXFileReference; explicitFileType = sourcecode.cpp.cpp; fileEncoding = 4; path = Unimplemented.cpp; sourceTree = "<group>"; };
		5009140D0CE2B3E300ADA70C /* UnixRules.cpp */ = {isa = PBXFileReference; explicitFileType = sourcecode.cpp.cpp; fileEncoding = 4; path = UnixRules.cpp; sourceTree = "<group>"; };
		5009140E0CE2B3E300ADA70C /* UriRules.cpp */ = {isa = PBXFileReference; explicitFileType = sourcecode.cpp.cpp; fileEncoding = 4; path = UriRules.cpp; sourceTree = "<group>"; };
		5009140F0CE2B3E300ADA70C /* Win32Rules.cpp */ = {isa = PBXFileReference; explicitFileType = sourcecode.cpp.cpp; fileEncoding = 4; path = Win32Rules.cpp; sourceTree = "<group>"; };
		500914240CE2B3F600ADA70C /* BadPath.h */ = {isa = PBXFileReference; fileEncoding = 4; lastKnownFileType = sourcecode.c.h; path = BadPath.h; sourceTree = "<group>"; };
		500914250CE2B3F600ADA70C /* Canonical.h */ = {isa = PBXFileReference; fileEncoding = 4; lastKnownFileType = sourcecode.c.h; path = Canonical.h; sourceTree = "<group>"; };
		500914260CE2B3F600ADA70C /* FileStream.h */ = {isa = PBXFileReference; fileEncoding = 4; lastKnownFileType = sourcecode.c.h; path = FileStream.h; sourceTree = "<group>"; };
		500914270CE2B3F600ADA70C /* Node.h */ = {isa = PBXFileReference; fileEncoding = 4; lastKnownFileType = sourcecode.c.h; path = Node.h; sourceTree = "<group>"; };
		500914280CE2B3F600ADA70C /* NodeInfo.h */ = {isa = PBXFileReference; fileEncoding = 4; lastKnownFileType = sourcecode.c.h; path = NodeInfo.h; sourceTree = "<group>"; };
		500914290CE2B3F600ADA70C /* NodeIter.h */ = {isa = PBXFileReference; fileEncoding = 4; lastKnownFileType = sourcecode.c.h; path = NodeIter.h; sourceTree = "<group>"; };
		5009142A0CE2B3F600ADA70C /* Path.h */ = {isa = PBXFileReference; fileEncoding = 4; lastKnownFileType = sourcecode.c.h; path = Path.h; sourceTree = "<group>"; };
		5009142B0CE2B3F600ADA70C /* PathException.h */ = {isa = PBXFileReference; fileEncoding = 4; lastKnownFileType = sourcecode.c.h; path = PathException.h; sourceTree = "<group>"; };
		5009142C0CE2B3F600ADA70C /* PathExtra.h */ = {isa = PBXFileReference; fileEncoding = 4; lastKnownFileType = sourcecode.c.h; path = PathExtra.h; sourceTree = "<group>"; };
		5009142D0CE2B3F600ADA70C /* PathRules.h */ = {isa = PBXFileReference; fileEncoding = 4; lastKnownFileType = sourcecode.c.h; path = PathRules.h; sourceTree = "<group>"; };
		5009142E0CE2B3F600ADA70C /* Permission.h */ = {isa = PBXFileReference; fileEncoding = 4; lastKnownFileType = sourcecode.c.h; path = Permission.h; sourceTree = "<group>"; };
		5009142F0CE2B3F600ADA70C /* SysCalls.h */ = {isa = PBXFileReference; fileEncoding = 4; lastKnownFileType = sourcecode.c.h; path = SysCalls.h; sourceTree = "<group>"; };
		500914300CE2B3F600ADA70C /* Unimplemented.h */ = {isa = PBXFileReference; fileEncoding = 4; lastKnownFileType = sourcecode.c.h; path = Unimplemented.h; sourceTree = "<group>"; };
		500914310CE2B3F600ADA70C /* UnixRules.h */ = {isa = PBXFileReference; fileEncoding = 4; lastKnownFileType = sourcecode.c.h; path = UnixRules.h; sourceTree = "<group>"; };
		500914320CE2B3F600ADA70C /* UriRules.h */ = {isa = PBXFileReference; fileEncoding = 4; lastKnownFileType = sourcecode.c.h; path = UriRules.h; sourceTree = "<group>"; };
		500914330CE2B3F600ADA70C /* Win32Rules.h */ = {isa = PBXFileReference; fileEncoding = 4; lastKnownFileType = sourcecode.c.h; path = Win32Rules.h; sourceTree = "<group>"; };
		500914850CE333AE00ADA70C /* CanonicalUnit.cpp */ = {isa = PBXFileReference; explicitFileType = sourcecode.cpp.cpp; fileEncoding = 4; path = CanonicalUnit.cpp; sourceTree = "<group>"; };
		500914860CE333AE00ADA70C /* main.cpp */ = {isa = PBXFileReference; explicitFileType = sourcecode.cpp.cpp; fileEncoding = 4; path = main.cpp; sourceTree = "<group>"; };
		500914870CE333AE00ADA70C /* NodeUnit.cpp */ = {isa = PBXFileReference; explicitFileType = sourcecode.cpp.cpp; fileEncoding = 4; path = NodeUnit.cpp; sourceTree = "<group>"; };
		500914880CE333AE00ADA70C /* PathRulesUnit.cpp */ = {isa = PBXFileReference; explicitFileType = sourcecode.cpp.cpp; fileEncoding = 4; path = PathRulesUnit.cpp; sourceTree = "<group>"; };
		500914890CE333AE00ADA70C /* PathUnit.cpp */ = {isa = PBXFileReference; explicitFileType = sourcecode.cpp.cpp; fileEncoding = 4; path = PathUnit.cpp; sourceTree = "<group>"; };
		5009148B0CE333AE00ADA70C /* SysCallsUnit.cpp */ = {isa = PBXFileReference; explicitFileType = sourcecode.cpp.cpp; fileEncoding = 4; path = SysCallsUnit.cpp; sourceTree = "<group>"; };
		500914CE0CE3F37900ADA70C /* pathtest-Info.plist */ = {isa = PBXFileReference; lastKnownFileType = text.plist.xml; path = "pathtest-Info.plist"; sourceTree = "<group>"; };
		5009152A0CE5238000ADA70C /* libcppunit.a */ = {isa = PBXFileReference; lastKnownFileType = archive.ar; name = libcppunit.a; path = /usr/local/lib/libcppunit.a; sourceTree = "<absolute>"; };
		500948620D665356000B393F /* UnixRulesUnit.cpp */ = {isa = PBXFileReference; fileEncoding = 4; lastKnownFileType = sourcecode.cpp.cpp; path = UnixRulesUnit.cpp; sourceTree = "<group>"; };
		5009487C0D6656AC000B393F /* PathRulesUnit.h */ = {isa = PBXFileReference; fileEncoding = 4; lastKnownFileType = sourcecode.c.h; path = PathRulesUnit.h; sourceTree = "<group>"; };
		500948B30D6EF039000B393F /* Win32RulesUnit.cpp */ = {isa = PBXFileReference; fileEncoding = 4; lastKnownFileType = sourcecode.cpp.cpp; path = Win32RulesUnit.cpp; sourceTree = "<group>"; };
		506939910D886B4D00E050F1 /* Strings.cpp */ = {isa = PBXFileReference; fileEncoding = 4; lastKnownFileType = sourcecode.cpp.cpp; path = Strings.cpp; sourceTree = "<group>"; };
		506939A10D8871F300E050F1 /* libpath.a */ = {isa = PBXFileReference; explicitFileType = archive.ar; includeInIndex = 0; path = libpath.a; sourceTree = BUILT_PRODUCTS_DIR; };
		50693A1E0D8873B300E050F1 /* pathtest */ = {isa = PBXFileReference; explicitFileType = "compiled.mach-o.executable"; includeInIndex = 0; path = pathtest; sourceTree = BUILT_PRODUCTS_DIR; };
		507AECBF0D2BCE4B0071EB10 /* SubNode.cpp */ = {isa = PBXFileReference; fileEncoding = 4; lastKnownFileType = sourcecode.cpp.cpp; path = SubNode.cpp; sourceTree = "<group>"; };
		50B974490D8DA9F800E8B628 /* Strings.h */ = {isa = PBXFileReference; fileEncoding = 4; lastKnownFileType = sourcecode.c.h; path = Strings.h; sourceTree = "<group>"; };
/* End PBXFileReference section */

/* Begin PBXFrameworksBuildPhase section */
		5069399F0D8871F300E050F1 /* Frameworks */ = {
			isa = PBXFrameworksBuildPhase;
			buildActionMask = 2147483647;
			files = (
			);
			runOnlyForDeploymentPostprocessing = 0;
		};
		50693A1C0D8873B300E050F1 /* Frameworks */ = {
			isa = PBXFrameworksBuildPhase;
			buildActionMask = 2147483647;
			files = (
				50693A220D8873C500E050F1 /* libcppunit.a in Frameworks */,
				50B973F90D8D897800E8B628 /* libpath.a in Frameworks */,
			);
			runOnlyForDeploymentPostprocessing = 0;
		};
/* End PBXFrameworksBuildPhase section */

/* Begin PBXGroup section */
		08FB7794FE84155DC02AAC07 /* path */ = {
			isa = PBXGroup;
			children = (
				5009152A0CE5238000ADA70C /* libcppunit.a */,
				08FB7795FE84155DC02AAC07 /* Source */,
				C6859E8C029090F304C91782 /* Documentation */,
				1AB674ADFE9D54B511CA2CBB /* Products */,
				500914CE0CE3F37900ADA70C /* pathtest-Info.plist */,
			);
			name = path;
			sourceTree = "<group>";
		};
		08FB7795FE84155DC02AAC07 /* Source */ = {
			isa = PBXGroup;
			children = (
				500913FE0CE2B3E300ADA70C /* src */,
				500914220CE2B3F600ADA70C /* include */,
				500914830CE333AE00ADA70C /* tests */,
				500914840CE333AE00ADA70C /* pathtest */,
			);
			name = Source;
			sourceTree = "<group>";
		};
		1AB674ADFE9D54B511CA2CBB /* Products */ = {
			isa = PBXGroup;
			children = (
				506939A10D8871F300E050F1 /* libpath.a */,
				50693A1E0D8873B300E050F1 /* pathtest */,
			);
			name = Products;
			sourceTree = "<group>";
		};
		500913FE0CE2B3E300ADA70C /* src */ = {
			isa = PBXGroup;
			children = (
				500913FF0CE2B3E300ADA70C /* BadPath.cpp */,
				500914000CE2B3E300ADA70C /* Canonical.cpp */,
				500914010CE2B3E300ADA70C /* FileStream.cpp */,
				500914020CE2B3E300ADA70C /* Node.cpp */,
				507AECBF0D2BCE4B0071EB10 /* SubNode.cpp */,
				500914030CE2B3E300ADA70C /* NodeInfo.cpp */,
				500914040CE2B3E300ADA70C /* NodeIter.cpp */,
				500914050CE2B3E300ADA70C /* Path.cpp */,
				500914060CE2B3E300ADA70C /* PathException.cpp */,
				500914070CE2B3E300ADA70C /* PathExtra.cpp */,
				500914080CE2B3E300ADA70C /* PathRules.cpp */,
				500914090CE2B3E300ADA70C /* Permission.cpp */,
				5009140B0CE2B3E300ADA70C /* SysCalls.cpp */,
				5009140C0CE2B3E300ADA70C /* Unimplemented.cpp */,
				5009140D0CE2B3E300ADA70C /* UnixRules.cpp */,
				5009140E0CE2B3E300ADA70C /* UriRules.cpp */,
				5009140F0CE2B3E300ADA70C /* Win32Rules.cpp */,
				506939910D886B4D00E050F1 /* Strings.cpp */,
			);
			path = src;
			sourceTree = "<group>";
		};
		500914220CE2B3F600ADA70C /* include */ = {
			isa = PBXGroup;
			children = (
				500914230CE2B3F600ADA70C /* path */,
			);
			path = include;
			sourceTree = "<group>";
		};
		500914230CE2B3F600ADA70C /* path */ = {
			isa = PBXGroup;
			children = (
				50B974490D8DA9F800E8B628 /* Strings.h */,
				500914240CE2B3F600ADA70C /* BadPath.h */,
				500914250CE2B3F600ADA70C /* Canonical.h */,
				500914260CE2B3F600ADA70C /* FileStream.h */,
				500914270CE2B3F600ADA70C /* Node.h */,
				500914280CE2B3F600ADA70C /* NodeInfo.h */,
				500914290CE2B3F600ADA70C /* NodeIter.h */,
				5009142A0CE2B3F600ADA70C /* Path.h */,
				5009142B0CE2B3F600ADA70C /* PathException.h */,
				5009142C0CE2B3F600ADA70C /* PathExtra.h */,
				5009142D0CE2B3F600ADA70C /* PathRules.h */,
				5009142E0CE2B3F600ADA70C /* Permission.h */,
				5009142F0CE2B3F600ADA70C /* SysCalls.h */,
				500914300CE2B3F600ADA70C /* Unimplemented.h */,
				500914310CE2B3F600ADA70C /* UnixRules.h */,
				500914320CE2B3F600ADA70C /* UriRules.h */,
				500914330CE2B3F600ADA70C /* Win32Rules.h */,
			);
			path = path;
			sourceTree = "<group>";
		};
		500914830CE333AE00ADA70C /* tests */ = {
			isa = PBXGroup;
			children = (
			);
			path = tests;
			sourceTree = "<group>";
		};
		500914840CE333AE00ADA70C /* pathtest */ = {
			isa = PBXGroup;
			children = (
				500914860CE333AE00ADA70C /* main.cpp */,
				500914850CE333AE00ADA70C /* CanonicalUnit.cpp */,
				500914870CE333AE00ADA70C /* NodeUnit.cpp */,
				500914880CE333AE00ADA70C /* PathRulesUnit.cpp */,
				500914890CE333AE00ADA70C /* PathUnit.cpp */,
				5009148B0CE333AE00ADA70C /* SysCallsUnit.cpp */,
				500948620D665356000B393F /* UnixRulesUnit.cpp */,
				5009487C0D6656AC000B393F /* PathRulesUnit.h */,
				500948B30D6EF039000B393F /* Win32RulesUnit.cpp */,
			);
			name = pathtest;
			path = tests/pathtest;
			sourceTree = "<group>";
		};
		C6859E8C029090F304C91782 /* Documentation */ = {
			isa = PBXGroup;
			children = (
			);
			name = Documentation;
			sourceTree = "<group>";
		};
/* End PBXGroup section */

/* Begin PBXHeadersBuildPhase section */
		5069399D0D8871F300E050F1 /* Headers */ = {
			isa = PBXHeadersBuildPhase;
			buildActionMask = 2147483647;
			files = (
				506939A50D88727300E050F1 /* BadPath.h in Headers */,
				506939A60D88727300E050F1 /* Canonical.h in Headers */,
				506939A70D88727300E050F1 /* FileStream.h in Headers */,
				506939A80D88727300E050F1 /* Node.h in Headers */,
				506939A90D88727300E050F1 /* NodeInfo.h in Headers */,
				506939AA0D88727300E050F1 /* NodeIter.h in Headers */,
				506939AB0D88727300E050F1 /* Path.h in Headers */,
				506939AC0D88727300E050F1 /* PathException.h in Headers */,
				506939AD0D88727300E050F1 /* PathExtra.h in Headers */,
				506939AE0D88727300E050F1 /* PathRules.h in Headers */,
				506939AF0D88727300E050F1 /* Permission.h in Headers */,
				506939B10D88727300E050F1 /* SysCalls.h in Headers */,
				506939B20D88727300E050F1 /* Unimplemented.h in Headers */,
				506939B30D88727300E050F1 /* UnixRules.h in Headers */,
				506939B40D88727300E050F1 /* UriRules.h in Headers */,
				506939B50D88727300E050F1 /* Win32Rules.h in Headers */,
				50B9744A0D8DA9F800E8B628 /* Strings.h in Headers */,
			);
			runOnlyForDeploymentPostprocessing = 0;
		};
/* End PBXHeadersBuildPhase section */

/* Begin PBXNativeTarget section */
		506939A00D8871F300E050F1 /* path */ = {
			isa = PBXNativeTarget;
			buildConfigurationList = 506939A40D88721600E050F1 /* Build configuration list for PBXNativeTarget "path" */;
			buildPhases = (
				5069399D0D8871F300E050F1 /* Headers */,
				5069399E0D8871F300E050F1 /* Sources */,
				5069399F0D8871F300E050F1 /* Frameworks */,
			);
			buildRules = (
			);
			dependencies = (
			);
			name = path;
			productName = path;
			productReference = 506939A10D8871F300E050F1 /* libpath.a */;
			productType = "com.apple.product-type.library.static";
		};
		50693A1D0D8873B300E050F1 /* pathtest */ = {
			isa = PBXNativeTarget;
			buildConfigurationList = 50693A260D8873E800E050F1 /* Build configuration list for PBXNativeTarget "pathtest" */;
			buildPhases = (
				50693A1B0D8873B300E050F1 /* Sources */,
				50693A1C0D8873B300E050F1 /* Frameworks */,
			);
			buildRules = (
			);
			dependencies = (
				50693A240D8873CA00E050F1 /* PBXTargetDependency */,
			);
			name = pathtest;
			productName = pathtest;
			productReference = 50693A1E0D8873B300E050F1 /* pathtest */;
			productType = "com.apple.product-type.tool";
		};
/* End PBXNativeTarget section */

/* Begin PBXProject section */
		08FB7793FE84155DC02AAC07 /* Project object */ = {
			isa = PBXProject;
			buildConfigurationList = 1DEB923508733DC60010E9CD /* Build configuration list for PBXProject "path" */;
			compatibilityVersion = "Xcode 3.0";
			hasScannedForEncodings = 1;
			mainGroup = 08FB7794FE84155DC02AAC07 /* path */;
			projectDirPath = "";
			projectRoot = "";
			targets = (
				506939A00D8871F300E050F1 /* path */,
				50693A1D0D8873B300E050F1 /* pathtest */,
			);
		};
/* End PBXProject section */

/* Begin PBXSourcesBuildPhase section */
		5069399E0D8871F300E050F1 /* Sources */ = {
			isa = PBXSourcesBuildPhase;
			buildActionMask = 2147483647;
			files = (
				506939B60D88728E00E050F1 /* BadPath.cpp in Sources */,
				506939B70D88728E00E050F1 /* Canonical.cpp in Sources */,
				506939B80D88728E00E050F1 /* FileStream.cpp in Sources */,
				506939B90D88728E00E050F1 /* Node.cpp in Sources */,
				506939BA0D88728E00E050F1 /* NodeInfo.cpp in Sources */,
				506939BB0D88728E00E050F1 /* NodeIter.cpp in Sources */,
				506939BC0D88728E00E050F1 /* Path.cpp in Sources */,
				506939BD0D88728E00E050F1 /* PathException.cpp in Sources */,
				506939BE0D88728E00E050F1 /* PathExtra.cpp in Sources */,
				506939BF0D88728E00E050F1 /* PathRules.cpp in Sources */,
				506939C00D88728E00E050F1 /* Permission.cpp in Sources */,
				506939C10D88728E00E050F1 /* Strings.cpp in Sources */,
				506939C20D88728E00E050F1 /* SubNode.cpp in Sources */,
				506939C30D88728E00E050F1 /* SysCalls.cpp in Sources */,
				506939C40D88728E00E050F1 /* Unimplemented.cpp in Sources */,
				506939C50D88728E00E050F1 /* UnixRules.cpp in Sources */,
				506939C60D88728E00E050F1 /* UriRules.cpp in Sources */,
				506939C70D88728E00E050F1 /* Win32Rules.cpp in Sources */,
			);
			runOnlyForDeploymentPostprocessing = 0;
		};
		50693A1B0D8873B300E050F1 /* Sources */ = {
			isa = PBXSourcesBuildPhase;
			buildActionMask = 2147483647;
			files = (
				50693A270D8873F100E050F1 /* main.cpp in Sources */,
				50693A280D8873F100E050F1 /* CanonicalUnit.cpp in Sources */,
				50693A290D8873F100E050F1 /* NodeUnit.cpp in Sources */,
				50693A2A0D8873F100E050F1 /* PathRulesUnit.cpp in Sources */,
				50693A2B0D8873F100E050F1 /* PathUnit.cpp in Sources */,
				50693A2C0D8873F100E050F1 /* SysCallsUnit.cpp in Sources */,
				50693A2D0D8873F100E050F1 /* UnixRulesUnit.cpp in Sources */,
				50693A2E0D8873F100E050F1 /* PathRulesUnit.h in Sources */,
				50693A2F0D8873F100E050F1 /* Win32RulesUnit.cpp in Sources */,
			);
			runOnlyForDeploymentPostprocessing = 0;
		};
/* End PBXSourcesBuildPhase section */

/* Begin PBXTargetDependency section */
		50693A240D8873CA00E050F1 /* PBXTargetDependency */ = {
			isa = PBXTargetDependency;
			target = 506939A00D8871F300E050F1 /* path */;
			targetProxy = 50693A230D8873CA00E050F1 /* PBXContainerItemProxy */;
		};
/* End PBXTargetDependency section */

/* Begin XCBuildConfiguration section */
		1DEB923608733DC60010E9CD /* Debug */ = {
			isa = XCBuildConfiguration;
			buildSettings = {
				GCC_WARN_ABOUT_RETURN_TYPE = YES;
				GCC_WARN_UNUSED_VARIABLE = YES;
				MACOSX_DEPLOYMENT_TARGET = 10.4;
				PREBINDING = NO;
				SDKROOT = "$(DEVELOPER_SDK_DIR)/MacOSX10.5.sdk";
			};
			name = Debug;
		};
		1DEB923708733DC60010E9CD /* Release */ = {
			isa = XCBuildConfiguration;
			buildSettings = {
				ARCHS = (
					ppc,
					i386,
				);
				GCC_WARN_ABOUT_RETURN_TYPE = YES;
				GCC_WARN_UNUSED_VARIABLE = YES;
				PREBINDING = NO;
				SDKROOT = "$(DEVELOPER_SDK_DIR)/MacOSX10.5.sdk";
			};
			name = Release;
		};
		506939A20D8871F300E050F1 /* Debug */ = {
			isa = XCBuildConfiguration;
			buildSettings = {
				ALWAYS_SEARCH_USER_PATHS = NO;
				ARCHS = "$(NATIVE_ARCH)";
				COPY_PHASE_STRIP = NO;
				GCC_DYNAMIC_NO_PIC = NO;
				GCC_ENABLE_FIX_AND_CONTINUE = YES;
				GCC_MODEL_TUNING = G5;
				GCC_OPTIMIZATION_LEVEL = 0;
				HEADER_SEARCH_PATHS = include;
				INSTALL_PATH = /usr/local/lib;
				PREBINDING = NO;
				PRIVATE_HEADERS_FOLDER_PATH = include/path/private;
				PRODUCT_NAME = path;
				PUBLIC_HEADERS_FOLDER_PATH = include/path;
				SCAN_ALL_SOURCE_FILES_FOR_INCLUDES = YES;
			};
			name = Debug;
		};
		506939A30D8871F300E050F1 /* Release */ = {
			isa = XCBuildConfiguration;
			buildSettings = {
				ALWAYS_SEARCH_USER_PATHS = NO;
				ARCHS = "$(ARCHS_STANDARD_32_BIT_PRE_XCODE_3_1)";
				ARCHS_STANDARD_32_BIT_PRE_XCODE_3_1 = "ppc i386";
				COPY_PHASE_STRIP = YES;
				DEBUG_INFORMATION_FORMAT = "dwarf-with-dsym";
				GCC_ENABLE_FIX_AND_CONTINUE = NO;
				GCC_MODEL_TUNING = G5;
				INSTALL_PATH = /usr/local/lib;
				PREBINDING = NO;
				PRODUCT_NAME = path;
				ZERO_LINK = NO;
			};
			name = Release;
		};
		50693A200D8873B400E050F1 /* Debug */ = {
			isa = XCBuildConfiguration;
			buildSettings = {
				ALWAYS_SEARCH_USER_PATHS = YES;
				ARCHS = "$(NATIVE_ARCH)";
				COPY_PHASE_STRIP = NO;
				GCC_DYNAMIC_NO_PIC = NO;
				GCC_ENABLE_FIX_AND_CONTINUE = YES;
				GCC_MODEL_TUNING = G5;
				GCC_OPTIMIZATION_LEVEL = 0;
				HEADER_SEARCH_PATHS = (
					.,
					/usr/local/include,
				);
				INSTALL_PATH = /usr/local/bin;
				ONLY_ACTIVE_ARCH = NO;
				PREBINDING = NO;
				PRODUCT_NAME = pathtest;
				SDKROOT = "$(DEVELOPER_SDK_DIR)/MacOSX10.4u.sdk";
			};
			name = Debug;
		};
		50693A210D8873B400E050F1 /* Release */ = {
			isa = XCBuildConfiguration;
			buildSettings = {
				ALWAYS_SEARCH_USER_PATHS = NO;
				ARCHS = "$(ARCHS_STANDARD_32_BIT_PRE_XCODE_3_1)";
				ARCHS_STANDARD_32_BIT_PRE_XCODE_3_1 = "ppc i386";
				COPY_PHASE_STRIP = YES;
				DEBUG_INFORMATION_FORMAT = "dwarf-with-dsym";
				GCC_ENABLE_FIX_AND_CONTINUE = NO;
				GCC_MODEL_TUNING = G5;
				INSTALL_PATH = /usr/local/bin;
				PREBINDING = NO;
				PRODUCT_NAME = pathtest;
				ZERO_LINK = NO;
			};
			name = Release;
		};
/* End XCBuildConfiguration section */

/* Begin XCConfigurationList section */
		1DEB923508733DC60010E9CD /* Build configuration list for PBXProject "path" */ = {
			isa = XCConfigurationList;
			buildConfigurations = (
				1DEB923608733DC60010E9CD /* Debug */,
				1DEB923708733DC60010E9CD /* Release */,
			);
			defaultConfigurationIsVisible = 0;
			defaultConfigurationName = Release;
		};
		506939A40D88721600E050F1 /* Build configuration list for PBXNativeTarget "path" */ = {
			isa = XCConfigurationList;
			buildConfigurations = (
				506939A20D8871F300E050F1 /* Debug */,
				506939A30D8871F300E050F1 /* Release */,
			);
			defaultConfigurationIsVisible = 0;
			defaultConfigurationName = Release;
		};
		50693A260D8873E800E050F1 /* Build configuration list for PBXNativeTarget "pathtest" */ = {
			isa = XCConfigurationList;
			buildConfigurations = (
				50693A200D8873B400E050F1 /* Debug */,
				50693A210D8873B400E050F1 /* Release */,
			);
			defaultConfigurationIsVisible = 0;
			defaultConfigurationName = Release;
		};
/* End XCConfigurationList section */
	};
	rootObject = 08FB7793FE84155DC02AAC07 /* Project object */;
}
